
Microsoft Visual Studio Solution File, Format Version 12.00
# Visual Studio Version 17
VisualStudioVersion = 17.11.35222.181
MinimumVisualStudioVersion = 10.0.40219.1
Project("{FAE04EC0-301F-11D3-BF4B-00C04F79EFBC}") = "DesktopProj222", "DesktopProj222\DesktopProj222.csproj", "{C37471D9-C3AC-42D9-A684-14860E8E6E75}"
EndProject
Global
	GlobalSection(SolutionConfigurationPlatforms) = preSolution
		Debug|Any CPU = Debug|Any CPU
		Release|Any CPU = Release|Any CPU
	EndGlobalSection
	GlobalSection(ProjectConfigurationPlatforms) = postSolution
		{C37471D9-C3AC-42D9-A684-14860E8E6E75}.Debug|Any CPU.ActiveCfg = Debug|Any CPU
		{C37471D9-C3AC-42D9-A684-14860E8E6E75}.Debug|Any CPU.Build.0 = Debug|Any CPU
		{C37471D9-C3AC-42D9-A684-14860E8E6E75}.Release|Any CPU.ActiveCfg = Release|Any CPU
		{C37471D9-C3AC-42D9-A684-14860E8E6E75}.Release|Any CPU.Build.0 = Release|Any CPU
	EndGlobalSection
	GlobalSection(SolutionProperties) = preSolution
		HideSolutionNode = FALSE
	EndGlobalSection
	GlobalSection(ExtensibilityGlobals) = postSolution
		SolutionGuid = {F9778945-88C8-4D40-8051-C051D9A4EE4C}
	EndGlobalSection
EndGlobal
